
Microsoft Visual Studio Solution File, Format Version 12.00
# Visual Studio 15
VisualStudioVersion = 15.0.26730.3
MinimumVisualStudioVersion = 10.0.40219.1
Project("{E24C65DC-7377-472B-9ABA-BC803B73C61A}") = "轮子", ".", "{C503F8E3-D22D-46F4-A981-E7D5D3770AA9}"
	ProjectSection(WebsiteProperties) = preProject
		TargetFrameworkMoniker = ".NETFramework,Version%3Dv4.0"
		Debug.AspNetCompiler.VirtualPath = "/localhost_53560"
		Debug.AspNetCompiler.PhysicalPath = "..\轮子\"
		Debug.AspNetCompiler.TargetPath = "PrecompiledWeb\localhost_53560\"
		Debug.AspNetCompiler.Updateable = "true"
		Debug.AspNetCompiler.ForceOverwrite = "true"
		Debug.AspNetCompiler.FixedNames = "false"
		Debug.AspNetCompiler.Debug = "True"
		Release.AspNetCompiler.VirtualPath = "/localhost_53560"
		Release.AspNetCompiler.PhysicalPath = "..\轮子\"
		Release.AspNetCompiler.TargetPath = "PrecompiledWeb\localhost_53560\"
		Release.AspNetCompiler.Updateable = "true"
		Release.AspNetCompiler.ForceOverwrite = "true"
		Release.AspNetCompiler.FixedNames = "false"
		Release.AspNetCompiler.Debug = "False"
		VWDPort = "53560"
		SlnRelativePath = "..\轮子\"
	EndProjectSection
EndProject
Global
	GlobalSection(SolutionConfigurationPlatforms) = preSolution
		Debug|Any CPU = Debug|Any CPU
	EndGlobalSection
	GlobalSection(ProjectConfigurationPlatforms) = postSolution
		{C503F8E3-D22D-46F4-A981-E7D5D3770AA9}.Debug|Any CPU.ActiveCfg = Debug|Any CPU
		{C503F8E3-D22D-46F4-A981-E7D5D3770AA9}.Debug|Any CPU.Build.0 = Debug|Any CPU
	EndGlobalSection
	GlobalSection(SolutionProperties) = preSolution
		HideSolutionNode = FALSE
	EndGlobalSection
	GlobalSection(ExtensibilityGlobals) = postSolution
		SolutionGuid = {2D039C7B-03B7-4E9A-9EA1-0E124EF38692}
	EndGlobalSection
EndGlobal
