
Microsoft Visual Studio Solution File, Format Version 12.00
# Visual Studio 15
VisualStudioVersion = 15.0.26430.14
MinimumVisualStudioVersion = 10.0.40219.1
Project("{E24C65DC-7377-472B-9ABA-BC803B73C61A}") = "插件使用demo", ".", "{F10E702D-EAAF-4520-8FB6-CEB2345D2FD2}"
	ProjectSection(WebsiteProperties) = preProject
		TargetFrameworkMoniker = ".NETFramework,Version%3Dv4.0"
		Debug.AspNetCompiler.VirtualPath = "/localhost_50513"
		Debug.AspNetCompiler.PhysicalPath = "..\插件使用demo\"
		Debug.AspNetCompiler.TargetPath = "PrecompiledWeb\localhost_50513\"
		Debug.AspNetCompiler.Updateable = "true"
		Debug.AspNetCompiler.ForceOverwrite = "true"
		Debug.AspNetCompiler.FixedNames = "false"
		Debug.AspNetCompiler.Debug = "True"
		Release.AspNetCompiler.VirtualPath = "/localhost_50513"
		Release.AspNetCompiler.PhysicalPath = "..\插件使用demo\"
		Release.AspNetCompiler.TargetPath = "PrecompiledWeb\localhost_50513\"
		Release.AspNetCompiler.Updateable = "true"
		Release.AspNetCompiler.ForceOverwrite = "true"
		Release.AspNetCompiler.FixedNames = "false"
		Release.AspNetCompiler.Debug = "False"
		VWDPort = "50513"
		SlnRelativePath = "..\插件使用demo\"
	EndProjectSection
EndProject
Global
	GlobalSection(SolutionConfigurationPlatforms) = preSolution
		Debug|Any CPU = Debug|Any CPU
	EndGlobalSection
	GlobalSection(ProjectConfigurationPlatforms) = postSolution
		{F10E702D-EAAF-4520-8FB6-CEB2345D2FD2}.Debug|Any CPU.ActiveCfg = Debug|Any CPU
		{F10E702D-EAAF-4520-8FB6-CEB2345D2FD2}.Debug|Any CPU.Build.0 = Debug|Any CPU
	EndGlobalSection
	GlobalSection(SolutionProperties) = preSolution
		HideSolutionNode = FALSE
	EndGlobalSection
EndGlobal
